// !$*UTF8*$!
{
	archiveVersion = 1;
	classes = {
	};
	objectVersion = 50;
	objects = {

/* Begin PBXBuildFile section */
		03DC60FF24AA47F500EFB57A /* AppDelegate.swift in Sources */ = {isa = PBXBuildFile; fileRef = 03DC60FE24AA47F500EFB57A /* AppDelegate.swift */; };
		03DC610124AA47F500EFB57A /* SceneDelegate.swift in Sources */ = {isa = PBXBuildFile; fileRef = 03DC610024AA47F500EFB57A /* SceneDelegate.swift */; };
		03DC610324AA47F500EFB57A /* ViewController.swift in Sources */ = {isa = PBXBuildFile; fileRef = 03DC610224AA47F500EFB57A /* ViewController.swift */; };
		03DC610624AA47F500EFB57A /* Main.storyboard in Resources */ = {isa = PBXBuildFile; fileRef = 03DC610424AA47F500EFB57A /* Main.storyboard */; };
		03DC610824AA47F700EFB57A /* Assets.xcassets in Resources */ = {isa = PBXBuildFile; fileRef = 03DC610724AA47F700EFB57A /* Assets.xcassets */; };
		03DC610B24AA47F700EFB57A /* LaunchScreen.storyboard in Resources */ = {isa = PBXBuildFile; fileRef = 03DC610924AA47F700EFB57A /* LaunchScreen.storyboard */; };
/* End PBXBuildFile section */

/* Begin PBXFileReference section */
		03DC60FB24AA47F500EFB57A /* GitHub&iTunes Search Client.app */ = {isa = PBXFileReference; explicitFileType = wrapper.application; includeInIndex = 0; path = "GitHub&iTunes Search Client.app"; sourceTree = BUILT_PRODUCTS_DIR; };
		03DC60FE24AA47F500EFB57A /* AppDelegate.swift */ = {isa = PBXFileReference; lastKnownFileType = sourcecode.swift; path = AppDelegate.swift; sourceTree = "<group>"; };
		03DC610024AA47F500EFB57A /* SceneDelegate.swift */ = {isa = PBXFileReference; lastKnownFileType = sourcecode.swift; path = SceneDelegate.swift; sourceTree = "<group>"; };
		03DC610224AA47F500EFB57A /* ViewController.swift */ = {isa = PBXFileReference; lastKnownFileType = sourcecode.swift; path = ViewController.swift; sourceTree = "<group>"; };
		03DC610524AA47F500EFB57A /* Base */ = {isa = PBXFileReference; lastKnownFileType = file.storyboard; name = Base; path = Base.lproj/Main.storyboard; sourceTree = "<group>"; };
		03DC610724AA47F700EFB57A /* Assets.xcassets */ = {isa = PBXFileReference; lastKnownFileType = folder.assetcatalog; path = Assets.xcassets; sourceTree = "<group>"; };
		03DC610A24AA47F700EFB57A /* Base */ = {isa = PBXFileReference; lastKnownFileType = file.storyboard; name = Base; path = Base.lproj/LaunchScreen.storyboard; sourceTree = "<group>"; };
		03DC610C24AA47F700EFB57A /* Info.plist */ = {isa = PBXFileReference; lastKnownFileType = text.plist.xml; path = Info.plist; sourceTree = "<group>"; };
/* End PBXFileReference section */

/* Begin PBXFrameworksBuildPhase section */
		03DC60F824AA47F400EFB57A /* Frameworks */ = {
			isa = PBXFrameworksBuildPhase;
			buildActionMask = 2147483647;
			files = (
			);
			runOnlyForDeploymentPostprocessing = 0;
		};
/* End PBXFrameworksBuildPhase section */

/* Begin PBXGroup section */
		03DC60F224AA47F400EFB57A = {
			isa = PBXGroup;
			children = (
				03DC60FD24AA47F500EFB57A /* GitHub&iTunes Search Client */,
				03DC60FC24AA47F500EFB57A /* Products */,
			);
			sourceTree = "<group>";
		};
		03DC60FC24AA47F500EFB57A /* Products */ = {
			isa = PBXGroup;
			children = (
				03DC60FB24AA47F500EFB57A /* GitHub&iTunes Search Client.app */,
			);
			name = Products;
			sourceTree = "<group>";
		};
		03DC60FD24AA47F500EFB57A /* GitHub&iTunes Search Client */ = {
			isa = PBXGroup;
			children = (
				03DC60FE24AA47F500EFB57A /* AppDelegate.swift */,
				03DC610024AA47F500EFB57A /* SceneDelegate.swift */,
				03DC610224AA47F500EFB57A /* ViewController.swift */,
				03DC610424AA47F500EFB57A /* Main.storyboard */,
				03DC610724AA47F700EFB57A /* Assets.xcassets */,
				03DC610924AA47F700EFB57A /* LaunchScreen.storyboard */,
				03DC610C24AA47F700EFB57A /* Info.plist */,
			);
			path = "GitHub&iTunes Search Client";
			sourceTree = "<group>";
		};
/* End PBXGroup section */

/* Begin PBXNativeTarget section */
		03DC60FA24AA47F400EFB57A /* GitHub&iTunes Search Client */ = {
			isa = PBXNativeTarget;
			buildConfigurationList = 03DC610F24AA47F700EFB57A /* Build configuration list for PBXNativeTarget "GitHub&iTunes Search Client" */;
			buildPhases = (
				03DC60F724AA47F400EFB57A /* Sources */,
				03DC60F824AA47F400EFB57A /* Frameworks */,
				03DC60F924AA47F400EFB57A /* Resources */,
			);
			buildRules = (
			);
			dependencies = (
			);
			name = "GitHub&iTunes Search Client";
			productName = "GitHub&iTunes Search Client";
			productReference = 03DC60FB24AA47F500EFB57A /* GitHub&iTunes Search Client.app */;
			productType = "com.apple.product-type.application";
		};
/* End PBXNativeTarget section */

/* Begin PBXProject section */
		03DC60F324AA47F400EFB57A /* Project object */ = {
			isa = PBXProject;
			attributes = {
				LastSwiftUpdateCheck = 1150;
				LastUpgradeCheck = 1150;
				ORGANIZATIONNAME = "Sasha Evtushenko";
				TargetAttributes = {
					03DC60FA24AA47F400EFB57A = {
						CreatedOnToolsVersion = 11.5;
					};
				};
			};
			buildConfigurationList = 03DC60F624AA47F400EFB57A /* Build configuration list for PBXProject "GitHub&iTunes Search Client" */;
			compatibilityVersion = "Xcode 9.3";
			developmentRegion = en;
			hasScannedForEncodings = 0;
			knownRegions = (
				en,
				Base,
			);
			mainGroup = 03DC60F224AA47F400EFB57A;
			productRefGroup = 03DC60FC24AA47F500EFB57A /* Products */;
			projectDirPath = "";
			projectRoot = "";
			targets = (
				03DC60FA24AA47F400EFB57A /* GitHub&iTunes Search Client */,
			);
		};
/* End PBXProject section */

/* Begin PBXResourcesBuildPhase section */
		03DC60F924AA47F400EFB57A /* Resources */ = {
			isa = PBXResourcesBuildPhase;
			buildActionMask = 2147483647;
			files = (
				03DC610B24AA47F700EFB57A /* LaunchScreen.storyboard in Resources */,
				03DC610824AA47F700EFB57A /* Assets.xcassets in Resources */,
				03DC610624AA47F500EFB57A /* Main.storyboard in Resources */,
			);
			runOnlyForDeploymentPostprocessing = 0;
		};
/* End PBXResourcesBuildPhase section */

/* Begin PBXSourcesBuildPhase section */
		03DC60F724AA47F400EFB57A /* Sources */ = {
			isa = PBXSourcesBuildPhase;
			buildActionMask = 2147483647;
			files = (
				03DC610324AA47F500EFB57A /* ViewController.swift in Sources */,
				03DC60FF24AA47F500EFB57A /* AppDelegate.swift in Sources */,
				03DC610124AA47F500EFB57A /* SceneDelegate.swift in Sources */,
			);
			runOnlyForDeploymentPostprocessing = 0;
		};
/* End PBXSourcesBuildPhase section */

/* Begin PBXVariantGroup section */
		03DC610424AA47F500EFB57A /* Main.storyboard */ = {
			isa = PBXVariantGroup;
			children = (
				03DC610524AA47F500EFB57A /* Base */,
			);
			name = Main.storyboard;
			sourceTree = "<group>";
		};
		03DC610924AA47F700EFB57A /* LaunchScreen.storyboard */ = {
			isa = PBXVariantGroup;
			children = (
				03DC610A24AA47F700EFB57A /* Base */,
			);
			name = LaunchScreen.storyboard;
			sourceTree = "<group>";
		};
/* End PBXVariantGroup section */

/* Begin XCBuildConfiguration section */
		03DC610D24AA47F700EFB57A /* Debug */ = {
			isa = XCBuildConfiguration;
			buildSettings = {
				ALWAYS_SEARCH_USER_PATHS = NO;
				CLANG_ANALYZER_NONNULL = YES;
				CLANG_ANALYZER_NUMBER_OBJECT_CONVERSION = YES_AGGRESSIVE;
				CLANG_CXX_LANGUAGE_STANDARD = "gnu++14";
				CLANG_CXX_LIBRARY = "libc++";
				CLANG_ENABLE_MODULES = YES;
				CLANG_ENABLE_OBJC_ARC = YES;
				CLANG_ENABLE_OBJC_WEAK = YES;
				CLANG_WARN_BLOCK_CAPTURE_AUTORELEASING = YES;
				CLANG_WARN_BOOL_CONVERSION = YES;
				CLANG_WARN_COMMA = YES;
				CLANG_WARN_CONSTANT_CONVERSION = YES;
				CLANG_WARN_DEPRECATED_OBJC_IMPLEMENTATIONS = YES;
				CLANG_WARN_DIRECT_OBJC_ISA_USAGE = YES_ERROR;
				CLANG_WARN_DOCUMENTATION_COMMENTS = YES;
				CLANG_WARN_EMPTY_BODY = YES;
				CLANG_WARN_ENUM_CONVERSION = YES;
				CLANG_WARN_INFINITE_RECURSION = YES;
				CLANG_WARN_INT_CONVERSION = YES;
				CLANG_WARN_NON_LITERAL_NULL_CONVERSION = YES;
				CLANG_WARN_OBJC_IMPLICIT_RETAIN_SELF = YES;
				CLANG_WARN_OBJC_LITERAL_CONVERSION = YES;
				CLANG_WARN_OBJC_ROOT_CLASS = YES_ERROR;
				CLANG_WARN_RANGE_LOOP_ANALYSIS = YES;
				CLANG_WARN_STRICT_PROTOTYPES = YES;
				CLANG_WARN_SUSPICIOUS_MOVE = YES;
				CLANG_WARN_UNGUARDED_AVAILABILITY = YES_AGGRESSIVE;
				CLANG_WARN_UNREACHABLE_CODE = YES;
				CLANG_WARN__DUPLICATE_METHOD_MATCH = YES;
				COPY_PHASE_STRIP = NO;
				DEBUG_INFORMATION_FORMAT = dwarf;
				ENABLE_STRICT_OBJC_MSGSEND = YES;
				ENABLE_TESTABILITY = YES;
				GCC_C_LANGUAGE_STANDARD = gnu11;
				GCC_DYNAMIC_NO_PIC = NO;
				GCC_NO_COMMON_BLOCKS = YES;
				GCC_OPTIMIZATION_LEVEL = 0;
				GCC_PREPROCESSOR_DEFINITIONS = (
					"DEBUG=1",
					"$(inherited)",
				);
				GCC_WARN_64_TO_32_BIT_CONVERSION = YES;
				GCC_WARN_ABOUT_RETURN_TYPE = YES_ERROR;
				GCC_WARN_UNDECLARED_SELECTOR = YES;
				GCC_WARN_UNINITIALIZED_AUTOS = YES_AGGRESSIVE;
				GCC_WARN_UNUSED_FUNCTION = YES;
				GCC_WARN_UNUSED_VARIABLE = YES;
				IPHONEOS_DEPLOYMENT_TARGET = 13.5;
				MTL_ENABLE_DEBUG_INFO = INCLUDE_SOURCE;
				MTL_FAST_MATH = YES;
				ONLY_ACTIVE_ARCH = YES;
				SDKROOT = iphoneos;
				SWIFT_ACTIVE_COMPILATION_CONDITIONS = DEBUG;
				SWIFT_OPTIMIZATION_LEVEL = "-Onone";
			};
			name = Debug;
		};
		03DC610E24AA47F700EFB57A /* Release */ = {
			isa = XCBuildConfiguration;
			buildSettings = {
				ALWAYS_SEARCH_USER_PATHS = NO;
				CLANG_ANALYZER_NONNULL = YES;
				CLANG_ANALYZER_NUMBER_OBJECT_CONVERSION = YES_AGGRESSIVE;
				CLANG_CXX_LANGUAGE_STANDARD = "gnu++14";
				CLANG_CXX_LIBRARY = "libc++";
				CLANG_ENABLE_MODULES = YES;
				CLANG_ENABLE_OBJC_ARC = YES;
				CLANG_ENABLE_OBJC_WEAK = YES;
				CLANG_WARN_BLOCK_CAPTURE_AUTORELEASING = YES;
				CLANG_WARN_BOOL_CONVERSION = YES;
				CLANG_WARN_COMMA = YES;
				CLANG_WARN_CONSTANT_CONVERSION = YES;
				CLANG_WARN_DEPRECATED_OBJC_IMPLEMENTATIONS = YES;
				CLANG_WARN_DIRECT_OBJC_ISA_USAGE = YES_ERROR;
				CLANG_WARN_DOCUMENTATION_COMMENTS = YES;
				CLANG_WARN_EMPTY_BODY = YES;
				CLANG_WARN_ENUM_CONVERSION = YES;
				CLANG_WARN_INFINITE_RECURSION = YES;
				CLANG_WARN_INT_CONVERSION = YES;
				CLANG_WARN_NON_LITERAL_NULL_CONVERSION = YES;
				CLANG_WARN_OBJC_IMPLICIT_RETAIN_SELF = YES;
				CLANG_WARN_OBJC_LITERAL_CONVERSION = YES;
				CLANG_WARN_OBJC_ROOT_CLASS = YES_ERROR;
				CLANG_WARN_RANGE_LOOP_ANALYSIS = YES;
				CLANG_WARN_STRICT_PROTOTYPES = YES;
				CLANG_WARN_SUSPICIOUS_MOVE = YES;
				CLANG_WARN_UNGUARDED_AVAILABILITY = YES_AGGRESSIVE;
				CLANG_WARN_UNREACHABLE_CODE = YES;
				CLANG_WARN__DUPLICATE_METHOD_MATCH = YES;
				COPY_PHASE_STRIP = NO;
				DEBUG_INFORMATION_FORMAT = "dwarf-with-dsym";
				ENABLE_NS_ASSERTIONS = NO;
				ENABLE_STRICT_OBJC_MSGSEND = YES;
				GCC_C_LANGUAGE_STANDARD = gnu11;
				GCC_NO_COMMON_BLOCKS = YES;
				GCC_WARN_64_TO_32_BIT_CONVERSION = YES;
				GCC_WARN_ABOUT_RETURN_TYPE = YES_ERROR;
				GCC_WARN_UNDECLARED_SELECTOR = YES;
				GCC_WARN_UNINITIALIZED_AUTOS = YES_AGGRESSIVE;
				GCC_WARN_UNUSED_FUNCTION = YES;
				GCC_WARN_UNUSED_VARIABLE = YES;
				IPHONEOS_DEPLOYMENT_TARGET = 13.5;
				MTL_ENABLE_DEBUG_INFO = NO;
				MTL_FAST_MATH = YES;
				SDKROOT = iphoneos;
				SWIFT_COMPILATION_MODE = wholemodule;
				SWIFT_OPTIMIZATION_LEVEL = "-O";
				VALIDATE_PRODUCT = YES;
			};
			name = Release;
		};
		03DC611024AA47F700EFB57A /* Debug */ = {
			isa = XCBuildConfiguration;
			buildSettings = {
				ASSETCATALOG_COMPILER_APPICON_NAME = AppIcon;
				CODE_SIGN_STYLE = Automatic;
				DEVELOPMENT_TEAM = QGGM44V7SJ;
				INFOPLIST_FILE = "GitHub&iTunes Search Client/Info.plist";
				LD_RUNPATH_SEARCH_PATHS = (
					"$(inherited)",
					"@executable_path/Frameworks",
				);
				PRODUCT_BUNDLE_IDENTIFIER = "com.sashaevtushenko.GitHub-iTunes-Search-Client";
				PRODUCT_NAME = "$(TARGET_NAME)";
				SWIFT_VERSION = 5.0;
				TARGETED_DEVICE_FAMILY = 1;
			};
			name = Debug;
		};
		03DC611124AA47F700EFB57A /* Release */ = {
			isa = XCBuildConfiguration;
			buildSettings = {
				ASSETCATALOG_COMPILER_APPICON_NAME = AppIcon;
				CODE_SIGN_STYLE = Automatic;
				DEVELOPMENT_TEAM = QGGM44V7SJ;
				INFOPLIST_FILE = "GitHub&iTunes Search Client/Info.plist";
				LD_RUNPATH_SEARCH_PATHS = (
					"$(inherited)",
					"@executable_path/Frameworks",
				);
				PRODUCT_BUNDLE_IDENTIFIER = "com.sashaevtushenko.GitHub-iTunes-Search-Client";
				PRODUCT_NAME = "$(TARGET_NAME)";
				SWIFT_VERSION = 5.0;
				TARGETED_DEVICE_FAMILY = 1;
			};
			name = Release;
		};
/* End XCBuildConfiguration section */

/* Begin XCConfigurationList section */
		03DC60F624AA47F400EFB57A /* Build configuration list for PBXProject "GitHub&iTunes Search Client" */ = {
			isa = XCConfigurationList;
			buildConfigurations = (
				03DC610D24AA47F700EFB57A /* Debug */,
				03DC610E24AA47F700EFB57A /* Release */,
			);
			defaultConfigurationIsVisible = 0;
			defaultConfigurationName = Release;
		};
		03DC610F24AA47F700EFB57A /* Build configuration list for PBXNativeTarget "GitHub&iTunes Search Client" */ = {
			isa = XCConfigurationList;
			buildConfigurations = (
				03DC611024AA47F700EFB57A /* Debug */,
				03DC611124AA47F700EFB57A /* Release */,
			);
			defaultConfigurationIsVisible = 0;
			defaultConfigurationName = Release;
		};
/* End XCConfigurationList section */
	};
	rootObject = 03DC60F324AA47F400EFB57A /* Project object */;
}
